{
  "requires": true,
  "lockfileVersion": 1,
  "dependencies": {
    "eslint-config-semistandard": {
      "version": "17.0.0",
      "resolved": "https://registry.npmjs.org/eslint-config-semistandard/-/eslint-config-semistandard-17.0.0.tgz",
      "integrity": "sha512-tLi0JYmfiiJgtmRhoES55tENatR7y/5aXOh6cBeW+qjzl1+WwyV0arDqR65XN3/xrPZt+/1EG+xNLknV/0jWsQ==",
      "dev": true
    }
  }
}
